
Microsoft Visual Studio Solution File, Format Version 12.00
# Visual Studio 15
VisualStudioVersion = 15.0.28010.2016
MinimumVisualStudioVersion = 10.0.40219.1
Project("{FAE04EC0-301F-11D3-BF4B-00C04F79EFBC}") = "DPPStreamingClientExample", "DPPStreamingClientExample\DPPStreamingClientExample.csproj", "{AFC87CD4-19A3-4CEC-AC85-BB2B127ED18F}"
EndProject
Global
	GlobalSection(SolutionConfigurationPlatforms) = preSolution
		Debug|Any CPU = Debug|Any CPU
		Release|Any CPU = Release|Any CPU
	EndGlobalSection
	GlobalSection(ProjectConfigurationPlatforms) = postSolution
		{AFC87CD4-19A3-4CEC-AC85-BB2B127ED18F}.Debug|Any CPU.ActiveCfg = Debug|Any CPU
		{AFC87CD4-19A3-4CEC-AC85-BB2B127ED18F}.Debug|Any CPU.Build.0 = Debug|Any CPU
		{AFC87CD4-19A3-4CEC-AC85-BB2B127ED18F}.Release|Any CPU.ActiveCfg = Release|Any CPU
		{AFC87CD4-19A3-4CEC-AC85-BB2B127ED18F}.Release|Any CPU.Build.0 = Release|Any CPU
	EndGlobalSection
	GlobalSection(SolutionProperties) = preSolution
		HideSolutionNode = FALSE
	EndGlobalSection
	GlobalSection(ExtensibilityGlobals) = postSolution
		SolutionGuid = {F3A447A4-A5BA-4061-BBE5-DF747558FF09}
	EndGlobalSection
EndGlobal
